{
  "name": "NoSQL-Social-Network-API",
  "lockfileVersion": 3,
  "requires": true,
  "packages": {},
  "devDependencies": {
    "express": "^4.17.1",
    "mongoose": "^6.0.13",
    "nodemon": "^2.0.9"
  },
  "scripts": {
    "dev": "nodemon index",
    "heroku-postbuild": "node utils/seed.js",
    "seed": "node utils/seed",
    "start": "node index"
  }
}
